
Microsoft Visual Studio Solution File, Format Version 12.00
# Visual Studio Version 17
VisualStudioVersion = 17.0.32126.317
MinimumVisualStudioVersion = 10.0.40219.1
Project("{FAE04EC0-301F-11D3-BF4B-00C04F79EFBC}") = "MVC", "MVC\MVC.csproj", "{678A8339-EB9F-48A5-953D-2E464BD56AB2}"
EndProject
Global
	GlobalSection(SolutionConfigurationPlatforms) = preSolution
		Debug|Any CPU = Debug|Any CPU
		Release|Any CPU = Release|Any CPU
	EndGlobalSection
	GlobalSection(ProjectConfigurationPlatforms) = postSolution
		{678A8339-EB9F-48A5-953D-2E464BD56AB2}.Debug|Any CPU.ActiveCfg = Debug|Any CPU
		{678A8339-EB9F-48A5-953D-2E464BD56AB2}.Debug|Any CPU.Build.0 = Debug|Any CPU
		{678A8339-EB9F-48A5-953D-2E464BD56AB2}.Release|Any CPU.ActiveCfg = Release|Any CPU
		{678A8339-EB9F-48A5-953D-2E464BD56AB2}.Release|Any CPU.Build.0 = Release|Any CPU
	EndGlobalSection
	GlobalSection(SolutionProperties) = preSolution
		HideSolutionNode = FALSE
	EndGlobalSection
	GlobalSection(ExtensibilityGlobals) = postSolution
		SolutionGuid = {1FA4443C-B97A-4F31-B135-4296831D9035}
	EndGlobalSection
EndGlobal
